
Microsoft Visual Studio Solution File, Format Version 12.00
Project("{FAE04EC0-301F-11D3-BF4B-00C04F79EFBC}") = "AlphabetQuiz", "AlphabetQuiz\AlphabetQuiz.csproj", "{369A5AD2-E4C9-4766-BE0B-E1F6F977911F}"
EndProject
Global
	GlobalSection(SolutionConfigurationPlatforms) = preSolution
		Debug|Any CPU = Debug|Any CPU
		Release|Any CPU = Release|Any CPU
	EndGlobalSection
	GlobalSection(ProjectConfigurationPlatforms) = postSolution
		{369A5AD2-E4C9-4766-BE0B-E1F6F977911F}.Debug|Any CPU.ActiveCfg = Debug|Any CPU
		{369A5AD2-E4C9-4766-BE0B-E1F6F977911F}.Debug|Any CPU.Build.0 = Debug|Any CPU
		{369A5AD2-E4C9-4766-BE0B-E1F6F977911F}.Release|Any CPU.ActiveCfg = Release|Any CPU
		{369A5AD2-E4C9-4766-BE0B-E1F6F977911F}.Release|Any CPU.Build.0 = Release|Any CPU
	EndGlobalSection
EndGlobal
